{
  "nodes": {
    "home-manager": {
      "inputs": {
        "nixpkgs": [
          "nixpkgs"
        ]
      },
      "locked": {
        "lastModified": 1695108154,
        "narHash": "sha256-gSg7UTVtls2yO9lKtP0yb66XBHT1Fx5qZSZbGMpSn2c=",
        "owner": "nix-community",
        "repo": "home-manager",
        "rev": "07682fff75d41f18327a871088d20af2710d4744",
        "type": "github"
      },
      "original": {
        "owner": "nix-community",
        "ref": "release-23.05",
        "repo": "home-manager",
        "type": "github"
      }
    },
    "nix-ld-vscode": {
      "inputs": {
        "nixpkgs": [
          "nixpkgs"
        ]
      },
      "locked": {
        "lastModified": 1670387267,
        "narHash": "sha256-ych8Knod18I2wPZmd+l3ZhJzLunERT8MLw9FK9Ttmkc=",
        "owner": "scottstephens",
        "repo": "nix-ld-vscode",
        "rev": "8d12e660cd611dcab4ffb207490f5a9008a1c47e",
        "type": "github"
      },
      "original": {
        "owner": "scottstephens",
        "ref": "main",
        "repo": "nix-ld-vscode",
        "type": "github"
      }
    },
    "nixpkgs": {
      "locked": {
        "lastModified": 1695559356,
        "narHash": "sha256-kXZ1pUoImD9OEbPCwpTz4tHsNTr4CIyIfXb3ocuR8sI=",
        "owner": "nixos",
        "repo": "nixpkgs",
        "rev": "261abe8a44a7e8392598d038d2e01f7b33cf26d0",
        "type": "github"
      },
      "original": {
        "owner": "nixos",
        "ref": "nixos-23.05",
        "repo": "nixpkgs",
        "type": "github"
      }
    },
    "nixpkgs-stable": {
      "locked": {
        "lastModified": 1697929210,
        "narHash": "sha256-RkQZif6QhswEwv7484mrKfIU8XmIWm+ED6llbr4IyxM=",
        "owner": "NixOS",
        "repo": "nixpkgs",
        "rev": "fb000224952bf7749a9e8b3779104ef7ea4465c8",
        "type": "github"
      },
      "original": {
        "owner": "NixOS",
        "ref": "release-23.05",
        "repo": "nixpkgs",
        "type": "github"
      }
    },
    "nixpkgs-unstable": {
      "locked": {
        "lastModified": 1697456312,
        "narHash": "sha256-roiSnrqb5r+ehnKCauPLugoU8S36KgmWraHgRqVYndo=",
        "owner": "nixos",
        "repo": "nixpkgs",
        "rev": "ca012a02bf8327be9e488546faecae5e05d7d749",
        "type": "github"
      },
      "original": {
        "owner": "nixos",
        "ref": "nixos-unstable",
        "repo": "nixpkgs",
        "type": "github"
      }
    },
    "root": {
      "inputs": {
        "home-manager": "home-manager",
        "nix-ld-vscode": "nix-ld-vscode",
        "nixpkgs": "nixpkgs",
        "nixpkgs-unstable": "nixpkgs-unstable",
        "sops-nix": "sops-nix"
      }
    },
    "sops-nix": {
      "inputs": {
        "nixpkgs": [
          "nixpkgs"
        ],
        "nixpkgs-stable": "nixpkgs-stable"
      },
      "locked": {
        "lastModified": 1698273636,
        "narHash": "sha256-swsqg/ckSVJnravx7ie9NFQSKIH27owtlk0wh4+xStk=",
        "owner": "Mic92",
        "repo": "sops-nix",
        "rev": "014e44d334a39481223a5d163530d4c4ca2e75cb",
        "type": "github"
      },
      "original": {
        "owner": "Mic92",
        "repo": "sops-nix",
        "type": "github"
      }
    }
  },
  "root": "root",
  "version": 7
}
